
Microsoft Visual Studio Solution File, Format Version 12.00
# Visual Studio Version 16
VisualStudioVersion = 16.0.30011.22
MinimumVisualStudioVersion = 10.0.40219.1
Project("{FAE04EC0-301F-11D3-BF4B-00C04F79EFBC}") = "Containervervoer", "Containervervoer.csproj", "{7AAD5B66-6ABA-41C1-B71A-D06F9542B190}"
EndProject
Project("{FAE04EC0-301F-11D3-BF4B-00C04F79EFBC}") = "ContainervervoerTests", "..\ContainervervoerTests\ContainervervoerTests.csproj", "{664D5FF1-D0B3-42C5-B4BF-C3A18C5B9BDD}"
EndProject
Global
	GlobalSection(SolutionConfigurationPlatforms) = preSolution
		Debug|Any CPU = Debug|Any CPU
		Release|Any CPU = Release|Any CPU
	EndGlobalSection
	GlobalSection(ProjectConfigurationPlatforms) = postSolution
		{7AAD5B66-6ABA-41C1-B71A-D06F9542B190}.Debug|Any CPU.ActiveCfg = Debug|Any CPU
		{7AAD5B66-6ABA-41C1-B71A-D06F9542B190}.Debug|Any CPU.Build.0 = Debug|Any CPU
		{7AAD5B66-6ABA-41C1-B71A-D06F9542B190}.Release|Any CPU.ActiveCfg = Release|Any CPU
		{7AAD5B66-6ABA-41C1-B71A-D06F9542B190}.Release|Any CPU.Build.0 = Release|Any CPU
		{664D5FF1-D0B3-42C5-B4BF-C3A18C5B9BDD}.Debug|Any CPU.ActiveCfg = Debug|Any CPU
		{664D5FF1-D0B3-42C5-B4BF-C3A18C5B9BDD}.Debug|Any CPU.Build.0 = Debug|Any CPU
		{664D5FF1-D0B3-42C5-B4BF-C3A18C5B9BDD}.Release|Any CPU.ActiveCfg = Release|Any CPU
		{664D5FF1-D0B3-42C5-B4BF-C3A18C5B9BDD}.Release|Any CPU.Build.0 = Release|Any CPU
	EndGlobalSection
	GlobalSection(SolutionProperties) = preSolution
		HideSolutionNode = FALSE
	EndGlobalSection
	GlobalSection(ExtensibilityGlobals) = postSolution
		SolutionGuid = {82595211-3F42-4B7D-A2C3-EE3C696CC559}
	EndGlobalSection
EndGlobal
